
Microsoft Visual Studio Solution File, Format Version 12.00
# Visual Studio Version 16
VisualStudioVersion = 16.0.29324.140
MinimumVisualStudioVersion = 10.0.40219.1
Project("{FAE04EC0-301F-11D3-BF4B-00C04F79EFBC}") = "EPFExplorer", "EPFExplorer\EPFExplorer.csproj", "{E40830A1-364A-4440-9FB0-CD70C2D09530}"
EndProject
Global
	GlobalSection(SolutionConfigurationPlatforms) = preSolution
		Debug|Any CPU = Debug|Any CPU
		Release|Any CPU = Release|Any CPU
	EndGlobalSection
	GlobalSection(ProjectConfigurationPlatforms) = postSolution
		{E40830A1-364A-4440-9FB0-CD70C2D09530}.Debug|Any CPU.ActiveCfg = Debug|Any CPU
		{E40830A1-364A-4440-9FB0-CD70C2D09530}.Debug|Any CPU.Build.0 = Debug|Any CPU
		{E40830A1-364A-4440-9FB0-CD70C2D09530}.Release|Any CPU.ActiveCfg = Release|Any CPU
		{E40830A1-364A-4440-9FB0-CD70C2D09530}.Release|Any CPU.Build.0 = Release|Any CPU
	EndGlobalSection
	GlobalSection(SolutionProperties) = preSolution
		HideSolutionNode = FALSE
	EndGlobalSection
	GlobalSection(ExtensibilityGlobals) = postSolution
		SolutionGuid = {F59FB824-8ABC-40BE-AFD7-7ED7B21B136F}
	EndGlobalSection
EndGlobal
